// !$*UTF8*$!
{
	archiveVersion = 1;
	classes = {
	};
	objectVersion = 46;
	objects = {

/* Begin PBXBuildFile section */
		048A43031AA17DFF00CAFE4B /* AppDelegate.swift in Sources */ = {isa = PBXBuildFile; fileRef = 048A43021AA17DFF00CAFE4B /* AppDelegate.swift */; };
		048A43081AA17DFF00CAFE4B /* Main.storyboard in Resources */ = {isa = PBXBuildFile; fileRef = 048A43061AA17DFF00CAFE4B /* Main.storyboard */; };
		048A430A1AA17DFF00CAFE4B /* Images.xcassets in Resources */ = {isa = PBXBuildFile; fileRef = 048A43091AA17DFF00CAFE4B /* Images.xcassets */; };
		048A430D1AA17DFF00CAFE4B /* LaunchScreen.xib in Resources */ = {isa = PBXBuildFile; fileRef = 048A430B1AA17DFF00CAFE4B /* LaunchScreen.xib */; };
		048A43191AA17DFF00CAFE4B /* testingTests.swift in Sources */ = {isa = PBXBuildFile; fileRef = 048A43181AA17DFF00CAFE4B /* testingTests.swift */; };
		048A43271AA19A4100CAFE4B /* TableViewController.swift in Sources */ = {isa = PBXBuildFile; fileRef = 048A43261AA19A4100CAFE4B /* TableViewController.swift */; };
/* End PBXBuildFile section */

/* Begin PBXContainerItemProxy section */
		048A43131AA17DFF00CAFE4B /* PBXContainerItemProxy */ = {
			isa = PBXContainerItemProxy;
			containerPortal = 048A42F51AA17DFF00CAFE4B /* Project object */;
			proxyType = 1;
			remoteGlobalIDString = 048A42FC1AA17DFF00CAFE4B;
			remoteInfo = testing;
		};
/* End PBXContainerItemProxy section */

/* Begin PBXFileReference section */
		048A42FD1AA17DFF00CAFE4B /* testing.app */ = {isa = PBXFileReference; explicitFileType = wrapper.application; includeInIndex = 0; path = testing.app; sourceTree = BUILT_PRODUCTS_DIR; };
		048A43011AA17DFF00CAFE4B /* Info.plist */ = {isa = PBXFileReference; lastKnownFileType = text.plist.xml; path = Info.plist; sourceTree = "<group>"; };
		048A43021AA17DFF00CAFE4B /* AppDelegate.swift */ = {isa = PBXFileReference; lastKnownFileType = sourcecode.swift; path = AppDelegate.swift; sourceTree = "<group>"; };
		048A43071AA17DFF00CAFE4B /* Base */ = {isa = PBXFileReference; lastKnownFileType = file.storyboard; name = Base; path = Base.lproj/Main.storyboard; sourceTree = "<group>"; };
		048A43091AA17DFF00CAFE4B /* Images.xcassets */ = {isa = PBXFileReference; lastKnownFileType = folder.assetcatalog; path = Images.xcassets; sourceTree = "<group>"; };
		048A430C1AA17DFF00CAFE4B /* Base */ = {isa = PBXFileReference; lastKnownFileType = file.xib; name = Base; path = Base.lproj/LaunchScreen.xib; sourceTree = "<group>"; };
		048A43121AA17DFF00CAFE4B /* testingTests.xctest */ = {isa = PBXFileReference; explicitFileType = wrapper.cfbundle; includeInIndex = 0; path = testingTests.xctest; sourceTree = BUILT_PRODUCTS_DIR; };
		048A43171AA17DFF00CAFE4B /* Info.plist */ = {isa = PBXFileReference; lastKnownFileType = text.plist.xml; path = Info.plist; sourceTree = "<group>"; };
		048A43181AA17DFF00CAFE4B /* testingTests.swift */ = {isa = PBXFileReference; lastKnownFileType = sourcecode.swift; path = testingTests.swift; sourceTree = "<group>"; };
		048A43261AA19A4100CAFE4B /* TableViewController.swift */ = {isa = PBXFileReference; fileEncoding = 4; lastKnownFileType = sourcecode.swift; name = TableViewController.swift; path = ../TableViewController.swift; sourceTree = "<group>"; };
/* End PBXFileReference section */

/* Begin PBXFrameworksBuildPhase section */
		048A42FA1AA17DFF00CAFE4B /* Frameworks */ = {
			isa = PBXFrameworksBuildPhase;
			buildActionMask = 2147483647;
			files = (
			);
			runOnlyForDeploymentPostprocessing = 0;
		};
		048A430F1AA17DFF00CAFE4B /* Frameworks */ = {
			isa = PBXFrameworksBuildPhase;
			buildActionMask = 2147483647;
			files = (
			);
			runOnlyForDeploymentPostprocessing = 0;
		};
/* End PBXFrameworksBuildPhase section */

/* Begin PBXGroup section */
		048A42F41AA17DFF00CAFE4B = {
			isa = PBXGroup;
			children = (
				048A42FF1AA17DFF00CAFE4B /* testing */,
				048A43151AA17DFF00CAFE4B /* testingTests */,
				048A42FE1AA17DFF00CAFE4B /* Products */,
			);
			sourceTree = "<group>";
		};
		048A42FE1AA17DFF00CAFE4B /* Products */ = {
			isa = PBXGroup;
			children = (
				048A42FD1AA17DFF00CAFE4B /* testing.app */,
				048A43121AA17DFF00CAFE4B /* testingTests.xctest */,
			);
			name = Products;
			sourceTree = "<group>";
		};
		048A42FF1AA17DFF00CAFE4B /* testing */ = {
			isa = PBXGroup;
			children = (
				048A43021AA17DFF00CAFE4B /* AppDelegate.swift */,
				048A43261AA19A4100CAFE4B /* TableViewController.swift */,
				048A43061AA17DFF00CAFE4B /* Main.storyboard */,
				048A43091AA17DFF00CAFE4B /* Images.xcassets */,
				048A430B1AA17DFF00CAFE4B /* LaunchScreen.xib */,
				048A43001AA17DFF00CAFE4B /* Supporting Files */,
			);
			path = testing;
			sourceTree = "<group>";
		};
		048A43001AA17DFF00CAFE4B /* Supporting Files */ = {
			isa = PBXGroup;
			children = (
				048A43011AA17DFF00CAFE4B /* Info.plist */,
			);
			name = "Supporting Files";
			sourceTree = "<group>";
		};
		048A43151AA17DFF00CAFE4B /* testingTests */ = {
			isa = PBXGroup;
			children = (
				048A43181AA17DFF00CAFE4B /* testingTests.swift */,
				048A43161AA17DFF00CAFE4B /* Supporting Files */,
			);
			path = testingTests;
			sourceTree = "<group>";
		};
		048A43161AA17DFF00CAFE4B /* Supporting Files */ = {
			isa = PBXGroup;
			children = (
				048A43171AA17DFF00CAFE4B /* Info.plist */,
			);
			name = "Supporting Files";
			sourceTree = "<group>";
		};
/* End PBXGroup section */

/* Begin PBXNativeTarget section */
		048A42FC1AA17DFF00CAFE4B /* testing */ = {
			isa = PBXNativeTarget;
			buildConfigurationList = 048A431C1AA17DFF00CAFE4B /* Build configuration list for PBXNativeTarget "testing" */;
			buildPhases = (
				048A42F91AA17DFF00CAFE4B /* Sources */,
				048A42FA1AA17DFF00CAFE4B /* Frameworks */,
				048A42FB1AA17DFF00CAFE4B /* Resources */,
			);
			buildRules = (
			);
			dependencies = (
			);
			name = testing;
			productName = testing;
			productReference = 048A42FD1AA17DFF00CAFE4B /* testing.app */;
			productType = "com.apple.product-type.application";
		};
		048A43111AA17DFF00CAFE4B /* testingTests */ = {
			isa = PBXNativeTarget;
			buildConfigurationList = 048A431F1AA17DFF00CAFE4B /* Build configuration list for PBXNativeTarget "testingTests" */;
			buildPhases = (
				048A430E1AA17DFF00CAFE4B /* Sources */,
				048A430F1AA17DFF00CAFE4B /* Frameworks */,
				048A43101AA17DFF00CAFE4B /* Resources */,
			);
			buildRules = (
			);
			dependencies = (
				048A43141AA17DFF00CAFE4B /* PBXTargetDependency */,
			);
			name = testingTests;
			productName = testingTests;
			productReference = 048A43121AA17DFF00CAFE4B /* testingTests.xctest */;
			productType = "com.apple.product-type.bundle.unit-test";
		};
/* End PBXNativeTarget section */

/* Begin PBXProject section */
		048A42F51AA17DFF00CAFE4B /* Project object */ = {
			isa = PBXProject;
			attributes = {
				LastUpgradeCheck = 0610;
				ORGANIZATIONNAME = "Variya Soft Solutions";
				TargetAttributes = {
					048A42FC1AA17DFF00CAFE4B = {
						CreatedOnToolsVersion = 6.1.1;
					};
					048A43111AA17DFF00CAFE4B = {
						CreatedOnToolsVersion = 6.1.1;
						TestTargetID = 048A42FC1AA17DFF00CAFE4B;
					};
				};
			};
			buildConfigurationList = 048A42F81AA17DFF00CAFE4B /* Build configuration list for PBXProject "testing" */;
			compatibilityVersion = "Xcode 3.2";
			developmentRegion = English;
			hasScannedForEncodings = 0;
			knownRegions = (
				en,
				Base,
			);
			mainGroup = 048A42F41AA17DFF00CAFE4B;
			productRefGroup = 048A42FE1AA17DFF00CAFE4B /* Products */;
			projectDirPath = "";
			projectRoot = "";
			targets = (
				048A42FC1AA17DFF00CAFE4B /* testing */,
				048A43111AA17DFF00CAFE4B /* testingTests */,
			);
		};
/* End PBXProject section */

/* Begin PBXResourcesBuildPhase section */
		048A42FB1AA17DFF00CAFE4B /* Resources */ = {
			isa = PBXResourcesBuildPhase;
			buildActionMask = 2147483647;
			files = (
				048A43081AA17DFF00CAFE4B /* Main.storyboard in Resources */,
				048A430D1AA17DFF00CAFE4B /* LaunchScreen.xib in Resources */,
				048A430A1AA17DFF00CAFE4B /* Images.xcassets in Resources */,
			);
			runOnlyForDeploymentPostprocessing = 0;
		};
		048A43101AA17DFF00CAFE4B /* Resources */ = {
			isa = PBXResourcesBuildPhase;
			buildActionMask = 2147483647;
			files = (
			);
			runOnlyForDeploymentPostprocessing = 0;
		};
/* End PBXResourcesBuildPhase section */

/* Begin PBXSourcesBuildPhase section */
		048A42F91AA17DFF00CAFE4B /* Sources */ = {
			isa = PBXSourcesBuildPhase;
			buildActionMask = 2147483647;
			files = (
				048A43271AA19A4100CAFE4B /* TableViewController.swift in Sources */,
				048A43031AA17DFF00CAFE4B /* AppDelegate.swift in Sources */,
			);
			runOnlyForDeploymentPostprocessing = 0;
		};
		048A430E1AA17DFF00CAFE4B /* Sources */ = {
			isa = PBXSourcesBuildPhase;
			buildActionMask = 2147483647;
			files = (
				048A43191AA17DFF00CAFE4B /* testingTests.swift in Sources */,
			);
			runOnlyForDeploymentPostprocessing = 0;
		};
/* End PBXSourcesBuildPhase section */

/* Begin PBXTargetDependency section */
		048A43141AA17DFF00CAFE4B /* PBXTargetDependency */ = {
			isa = PBXTargetDependency;
			target = 048A42FC1AA17DFF00CAFE4B /* testing */;
			targetProxy = 048A43131AA17DFF00CAFE4B /* PBXContainerItemProxy */;
		};
/* End PBXTargetDependency section */

/* Begin PBXVariantGroup section */
		048A43061AA17DFF00CAFE4B /* Main.storyboard */ = {
			isa = PBXVariantGroup;
			children = (
				048A43071AA17DFF00CAFE4B /* Base */,
			);
			name = Main.storyboard;
			sourceTree = "<group>";
		};
		048A430B1AA17DFF00CAFE4B /* LaunchScreen.xib */ = {
			isa = PBXVariantGroup;
			children = (
				048A430C1AA17DFF00CAFE4B /* Base */,
			);
			name = LaunchScreen.xib;
			sourceTree = "<group>";
		};
/* End PBXVariantGroup section */

/* Begin XCBuildConfiguration section */
		048A431A1AA17DFF00CAFE4B /* Debug */ = {
			isa = XCBuildConfiguration;
			buildSettings = {
				ALWAYS_SEARCH_USER_PATHS = NO;
				CLANG_CXX_LANGUAGE_STANDARD = "gnu++0x";
				CLANG_CXX_LIBRARY = "libc++";
				CLANG_ENABLE_MODULES = YES;
				CLANG_ENABLE_OBJC_ARC = YES;
				CLANG_WARN_BOOL_CONVERSION = YES;
				CLANG_WARN_CONSTANT_CONVERSION = YES;
				CLANG_WARN_DIRECT_OBJC_ISA_USAGE = YES_ERROR;
				CLANG_WARN_EMPTY_BODY = YES;
				CLANG_WARN_ENUM_CONVERSION = YES;
				CLANG_WARN_INT_CONVERSION = YES;
				CLANG_WARN_OBJC_ROOT_CLASS = YES_ERROR;
				CLANG_WARN_UNREACHABLE_CODE = YES;
				CLANG_WARN__DUPLICATE_METHOD_MATCH = YES;
				"CODE_SIGN_IDENTITY[sdk=iphoneos*]" = "iPhone Developer";
				COPY_PHASE_STRIP = NO;
				ENABLE_STRICT_OBJC_MSGSEND = YES;
				GCC_C_LANGUAGE_STANDARD = gnu99;
				GCC_DYNAMIC_NO_PIC = NO;
				GCC_OPTIMIZATION_LEVEL = 0;
				GCC_PREPROCESSOR_DEFINITIONS = (
					"DEBUG=1",
					"$(inherited)",
				);
				GCC_SYMBOLS_PRIVATE_EXTERN = NO;
				GCC_WARN_64_TO_32_BIT_CONVERSION = YES;
				GCC_WARN_ABOUT_RETURN_TYPE = YES_ERROR;
				GCC_WARN_UNDECLARED_SELECTOR = YES;
				GCC_WARN_UNINITIALIZED_AUTOS = YES_AGGRESSIVE;
				GCC_WARN_UNUSED_FUNCTION = YES;
				GCC_WARN_UNUSED_VARIABLE = YES;
				IPHONEOS_DEPLOYMENT_TARGET = 8.1;
				MTL_ENABLE_DEBUG_INFO = YES;
				ONLY_ACTIVE_ARCH = YES;
				SDKROOT = iphoneos;
				SWIFT_OPTIMIZATION_LEVEL = "-Onone";
				TARGETED_DEVICE_FAMILY = "1,2";
			};
			name = Debug;
		};
		048A431B1AA17DFF00CAFE4B /* Release */ = {
			isa = XCBuildConfiguration;
			buildSettings = {
				ALWAYS_SEARCH_USER_PATHS = NO;
				CLANG_CXX_LANGUAGE_STANDARD = "gnu++0x";
				CLANG_CXX_LIBRARY = "libc++";
				CLANG_ENABLE_MODULES = YES;
				CLANG_ENABLE_OBJC_ARC = YES;
				CLANG_WARN_BOOL_CONVERSION = YES;
				CLANG_WARN_CONSTANT_CONVERSION = YES;
				CLANG_WARN_DIRECT_OBJC_ISA_USAGE = YES_ERROR;
				CLANG_WARN_EMPTY_BODY = YES;
				CLANG_WARN_ENUM_CONVERSION = YES;
				CLANG_WARN_INT_CONVERSION = YES;
				CLANG_WARN_OBJC_ROOT_CLASS = YES_ERROR;
				CLANG_WARN_UNREACHABLE_CODE = YES;
				CLANG_WARN__DUPLICATE_METHOD_MATCH = YES;
				"CODE_SIGN_IDENTITY[sdk=iphoneos*]" = "iPhone Developer";
				COPY_PHASE_STRIP = YES;
				ENABLE_NS_ASSERTIONS = NO;
				ENABLE_STRICT_OBJC_MSGSEND = YES;
				GCC_C_LANGUAGE_STANDARD = gnu99;
				GCC_WARN_64_TO_32_BIT_CONVERSION = YES;
				GCC_WARN_ABOUT_RETURN_TYPE = YES_ERROR;
				GCC_WARN_UNDECLARED_SELECTOR = YES;
				GCC_WARN_UNINITIALIZED_AUTOS = YES_AGGRESSIVE;
				GCC_WARN_UNUSED_FUNCTION = YES;
				GCC_WARN_UNUSED_VARIABLE = YES;
				IPHONEOS_DEPLOYMENT_TARGET = 8.1;
				MTL_ENABLE_DEBUG_INFO = NO;
				SDKROOT = iphoneos;
				TARGETED_DEVICE_FAMILY = "1,2";
				VALIDATE_PRODUCT = YES;
			};
			name = Release;
		};
		048A431D1AA17DFF00CAFE4B /* Debug */ = {
			isa = XCBuildConfiguration;
			buildSettings = {
				ASSETCATALOG_COMPILER_APPICON_NAME = AppIcon;
				INFOPLIST_FILE = testing/Info.plist;
				LD_RUNPATH_SEARCH_PATHS = "$(inherited) @executable_path/Frameworks";
				PRODUCT_NAME = "$(TARGET_NAME)";
			};
			name = Debug;
		};
		048A431E1AA17DFF00CAFE4B /* Release */ = {
			isa = XCBuildConfiguration;
			buildSettings = {
				ASSETCATALOG_COMPILER_APPICON_NAME = AppIcon;
				INFOPLIST_FILE = testing/Info.plist;
				LD_RUNPATH_SEARCH_PATHS = "$(inherited) @executable_path/Frameworks";
				PRODUCT_NAME = "$(TARGET_NAME)";
			};
			name = Release;
		};
		048A43201AA17DFF00CAFE4B /* Debug */ = {
			isa = XCBuildConfiguration;
			buildSettings = {
				BUNDLE_LOADER = "$(TEST_HOST)";
				FRAMEWORK_SEARCH_PATHS = (
					"$(SDKROOT)/Developer/Library/Frameworks",
					"$(inherited)",
				);
				GCC_PREPROCESSOR_DEFINITIONS = (
					"DEBUG=1",
					"$(inherited)",
				);
				INFOPLIST_FILE = testingTests/Info.plist;
				LD_RUNPATH_SEARCH_PATHS = "$(inherited) @executable_path/Frameworks @loader_path/Frameworks";
				PRODUCT_NAME = "$(TARGET_NAME)";
				TEST_HOST = "$(BUILT_PRODUCTS_DIR)/testing.app/testing";
			};
			name = Debug;
		};
		048A43211AA17DFF00CAFE4B /* Release */ = {
			isa = XCBuildConfiguration;
			buildSettings = {
				BUNDLE_LOADER = "$(TEST_HOST)";
				FRAMEWORK_SEARCH_PATHS = (
					"$(SDKROOT)/Developer/Library/Frameworks",
					"$(inherited)",
				);
				INFOPLIST_FILE = testingTests/Info.plist;
				LD_RUNPATH_SEARCH_PATHS = "$(inherited) @executable_path/Frameworks @loader_path/Frameworks";
				PRODUCT_NAME = "$(TARGET_NAME)";
				TEST_HOST = "$(BUILT_PRODUCTS_DIR)/testing.app/testing";
			};
			name = Release;
		};
/* End XCBuildConfiguration section */

/* Begin XCConfigurationList section */
		048A42F81AA17DFF00CAFE4B /* Build configuration list for PBXProject "testing" */ = {
			isa = XCConfigurationList;
			buildConfigurations = (
				048A431A1AA17DFF00CAFE4B /* Debug */,
				048A431B1AA17DFF00CAFE4B /* Release */,
			);
			defaultConfigurationIsVisible = 0;
			defaultConfigurationName = Release;
		};
		048A431C1AA17DFF00CAFE4B /* Build configuration list for PBXNativeTarget "testing" */ = {
			isa = XCConfigurationList;
			buildConfigurations = (
				048A431D1AA17DFF00CAFE4B /* Debug */,
				048A431E1AA17DFF00CAFE4B /* Release */,
			);
			defaultConfigurationIsVisible = 0;
		};
		048A431F1AA17DFF00CAFE4B /* Build configuration list for PBXNativeTarget "testingTests" */ = {
			isa = XCConfigurationList;
			buildConfigurations = (
				048A43201AA17DFF00CAFE4B /* Debug */,
				048A43211AA17DFF00CAFE4B /* Release */,
			);
			defaultConfigurationIsVisible = 0;
		};
/* End XCConfigurationList section */
	};
	rootObject = 048A42F51AA17DFF00CAFE4B /* Project object */;
}
